
Microsoft Visual Studio Solution File, Format Version 12.00
Project("{FAE04EC0-301F-11D3-BF4B-00C04F79EFBC}") = "WebApi", "WebApi\WebApi.csproj", "{B2A4B2C8-5FE0-4FAF-AC51-D27F9FF6AACC}"
EndProject
Project("{FAE04EC0-301F-11D3-BF4B-00C04F79EFBC}") = "Domain.Entities", "Domain\Domain.Entities\Domain.Entities.csproj", "{B4445856-1705-4495-A588-2EF66A472138}"
EndProject
Project("{FAE04EC0-301F-11D3-BF4B-00C04F79EFBC}") = "Infrastructure.EntityFramework", "Infrastructure\Infrastructure.EntityFramework\Infrastructure.EntityFramework.csproj", "{A7CB1F1E-C0F2-4845-8A35-1290B0755F18}"
EndProject
Project("{FAE04EC0-301F-11D3-BF4B-00C04F79EFBC}") = "Infrastructure.Repositories.Implementations", "Infrastructure\Infrastructure.Repositories.Implementations\Infrastructure.Repositories.Implementations.csproj", "{24876E8C-1E85-4B7B-A371-875D78D50BB6}"
EndProject
Project("{FAE04EC0-301F-11D3-BF4B-00C04F79EFBC}") = "Services.Abstractions", "Services\Services.Abstractions\Services.Abstractions.csproj", "{01DBDC77-5DAE-4A14-A722-3576713BD9EB}"
EndProject
Project("{FAE04EC0-301F-11D3-BF4B-00C04F79EFBC}") = "Services.Contracts", "Services\Services.Contracts\Services.Contracts.csproj", "{8D1F61B1-02EB-419C-8628-9F90B05606B5}"
EndProject
Project("{FAE04EC0-301F-11D3-BF4B-00C04F79EFBC}") = "Services.Implementations", "Services\Services.Implementations\Services.Implementations.csproj", "{24C99DC8-EAA4-485C-8127-9FFB965AEC1C}"
EndProject
Project("{FAE04EC0-301F-11D3-BF4B-00C04F79EFBC}") = "Services.Repositories.Abstractions", "Services\Services.Repositories.Abstractions\Services.Repositories.Abstractions.csproj", "{57D9014A-4658-4F0E-A9C9-37BC420DB0A2}"
EndProject
Global
	GlobalSection(SolutionConfigurationPlatforms) = preSolution
		Debug|Any CPU = Debug|Any CPU
		Release|Any CPU = Release|Any CPU
	EndGlobalSection
	GlobalSection(ProjectConfigurationPlatforms) = postSolution
		{B2A4B2C8-5FE0-4FAF-AC51-D27F9FF6AACC}.Debug|Any CPU.ActiveCfg = Debug|Any CPU
		{B2A4B2C8-5FE0-4FAF-AC51-D27F9FF6AACC}.Debug|Any CPU.Build.0 = Debug|Any CPU
		{B2A4B2C8-5FE0-4FAF-AC51-D27F9FF6AACC}.Release|Any CPU.ActiveCfg = Release|Any CPU
		{B2A4B2C8-5FE0-4FAF-AC51-D27F9FF6AACC}.Release|Any CPU.Build.0 = Release|Any CPU
		{B4445856-1705-4495-A588-2EF66A472138}.Debug|Any CPU.ActiveCfg = Debug|Any CPU
		{B4445856-1705-4495-A588-2EF66A472138}.Debug|Any CPU.Build.0 = Debug|Any CPU
		{B4445856-1705-4495-A588-2EF66A472138}.Release|Any CPU.ActiveCfg = Release|Any CPU
		{B4445856-1705-4495-A588-2EF66A472138}.Release|Any CPU.Build.0 = Release|Any CPU
		{A7CB1F1E-C0F2-4845-8A35-1290B0755F18}.Debug|Any CPU.ActiveCfg = Debug|Any CPU
		{A7CB1F1E-C0F2-4845-8A35-1290B0755F18}.Debug|Any CPU.Build.0 = Debug|Any CPU
		{A7CB1F1E-C0F2-4845-8A35-1290B0755F18}.Release|Any CPU.ActiveCfg = Release|Any CPU
		{A7CB1F1E-C0F2-4845-8A35-1290B0755F18}.Release|Any CPU.Build.0 = Release|Any CPU
		{24876E8C-1E85-4B7B-A371-875D78D50BB6}.Debug|Any CPU.ActiveCfg = Debug|Any CPU
		{24876E8C-1E85-4B7B-A371-875D78D50BB6}.Debug|Any CPU.Build.0 = Debug|Any CPU
		{24876E8C-1E85-4B7B-A371-875D78D50BB6}.Release|Any CPU.ActiveCfg = Release|Any CPU
		{24876E8C-1E85-4B7B-A371-875D78D50BB6}.Release|Any CPU.Build.0 = Release|Any CPU
		{01DBDC77-5DAE-4A14-A722-3576713BD9EB}.Debug|Any CPU.ActiveCfg = Debug|Any CPU
		{01DBDC77-5DAE-4A14-A722-3576713BD9EB}.Debug|Any CPU.Build.0 = Debug|Any CPU
		{01DBDC77-5DAE-4A14-A722-3576713BD9EB}.Release|Any CPU.ActiveCfg = Release|Any CPU
		{01DBDC77-5DAE-4A14-A722-3576713BD9EB}.Release|Any CPU.Build.0 = Release|Any CPU
		{8D1F61B1-02EB-419C-8628-9F90B05606B5}.Debug|Any CPU.ActiveCfg = Debug|Any CPU
		{8D1F61B1-02EB-419C-8628-9F90B05606B5}.Debug|Any CPU.Build.0 = Debug|Any CPU
		{8D1F61B1-02EB-419C-8628-9F90B05606B5}.Release|Any CPU.ActiveCfg = Release|Any CPU
		{8D1F61B1-02EB-419C-8628-9F90B05606B5}.Release|Any CPU.Build.0 = Release|Any CPU
		{24C99DC8-EAA4-485C-8127-9FFB965AEC1C}.Debug|Any CPU.ActiveCfg = Debug|Any CPU
		{24C99DC8-EAA4-485C-8127-9FFB965AEC1C}.Debug|Any CPU.Build.0 = Debug|Any CPU
		{24C99DC8-EAA4-485C-8127-9FFB965AEC1C}.Release|Any CPU.ActiveCfg = Release|Any CPU
		{24C99DC8-EAA4-485C-8127-9FFB965AEC1C}.Release|Any CPU.Build.0 = Release|Any CPU
		{57D9014A-4658-4F0E-A9C9-37BC420DB0A2}.Debug|Any CPU.ActiveCfg = Debug|Any CPU
		{57D9014A-4658-4F0E-A9C9-37BC420DB0A2}.Debug|Any CPU.Build.0 = Debug|Any CPU
		{57D9014A-4658-4F0E-A9C9-37BC420DB0A2}.Release|Any CPU.ActiveCfg = Release|Any CPU
		{57D9014A-4658-4F0E-A9C9-37BC420DB0A2}.Release|Any CPU.Build.0 = Release|Any CPU
	EndGlobalSection
EndGlobal
